
Microsoft Visual Studio Solution File, Format Version 12.00
# Visual Studio Version 17
VisualStudioVersion = 17.14.36408.4
MinimumVisualStudioVersion = 10.0.40219.1
Project("{FAE04EC0-301F-11D3-BF4B-00C04F79EFBC}") = "Termo", "Termo\Termo\Termo.csproj", "{BDB8CC5E-700A-427C-2CA5-4244E8748097}"
EndProject
Project("{FAE04EC0-301F-11D3-BF4B-00C04F79EFBC}") = "FiltroDePalavras", "FiltroDePalavras\FiltroDePalavras.csproj", "{2AC478E5-120F-4B63-AAF7-61AA5A7AADC9}"
EndProject
Global
	GlobalSection(SolutionConfigurationPlatforms) = preSolution
		Debug|Any CPU = Debug|Any CPU
		Release|Any CPU = Release|Any CPU
	EndGlobalSection
	GlobalSection(ProjectConfigurationPlatforms) = postSolution
		{BDB8CC5E-700A-427C-2CA5-4244E8748097}.Debug|Any CPU.ActiveCfg = Debug|Any CPU
		{BDB8CC5E-700A-427C-2CA5-4244E8748097}.Debug|Any CPU.Build.0 = Debug|Any CPU
		{BDB8CC5E-700A-427C-2CA5-4244E8748097}.Release|Any CPU.ActiveCfg = Release|Any CPU
		{BDB8CC5E-700A-427C-2CA5-4244E8748097}.Release|Any CPU.Build.0 = Release|Any CPU
		{2AC478E5-120F-4B63-AAF7-61AA5A7AADC9}.Debug|Any CPU.ActiveCfg = Debug|Any CPU
		{2AC478E5-120F-4B63-AAF7-61AA5A7AADC9}.Debug|Any CPU.Build.0 = Debug|Any CPU
		{2AC478E5-120F-4B63-AAF7-61AA5A7AADC9}.Release|Any CPU.ActiveCfg = Release|Any CPU
		{2AC478E5-120F-4B63-AAF7-61AA5A7AADC9}.Release|Any CPU.Build.0 = Release|Any CPU
	EndGlobalSection
	GlobalSection(SolutionProperties) = preSolution
		HideSolutionNode = FALSE
	EndGlobalSection
	GlobalSection(ExtensibilityGlobals) = postSolution
		SolutionGuid = {503A5A25-47EE-49DB-9522-2BA35C56BF27}
	EndGlobalSection
EndGlobal
