
Microsoft Visual Studio Solution File, Format Version 12.00
# Visual Studio Version 17
VisualStudioVersion = 17.14.36408.4
MinimumVisualStudioVersion = 10.0.40219.1
Project("{FAE04EC0-301F-11D3-BF4B-00C04F79EFBC}") = "ClimaApp", "ClimaApp\ClimaApp.csproj", "{C7C1688D-7438-47A2-99ED-24E1A62469E6}"
EndProject
Global
	GlobalSection(SolutionConfigurationPlatforms) = preSolution
		Debug|Any CPU = Debug|Any CPU
		Release|Any CPU = Release|Any CPU
	EndGlobalSection
	GlobalSection(ProjectConfigurationPlatforms) = postSolution
		{C7C1688D-7438-47A2-99ED-24E1A62469E6}.Debug|Any CPU.ActiveCfg = Debug|Any CPU
		{C7C1688D-7438-47A2-99ED-24E1A62469E6}.Debug|Any CPU.Build.0 = Debug|Any CPU
		{C7C1688D-7438-47A2-99ED-24E1A62469E6}.Release|Any CPU.ActiveCfg = Release|Any CPU
		{C7C1688D-7438-47A2-99ED-24E1A62469E6}.Release|Any CPU.Build.0 = Release|Any CPU
	EndGlobalSection
	GlobalSection(SolutionProperties) = preSolution
		HideSolutionNode = FALSE
	EndGlobalSection
	GlobalSection(ExtensibilityGlobals) = postSolution
		SolutionGuid = {8460BCBF-991A-480E-AF3A-F0B3C40F518B}
	EndGlobalSection
EndGlobal
